
Microsoft Visual Studio Solution File, Format Version 12.00
# Visual Studio Version 17
VisualStudioVersion = 17.0.31903.59
MinimumVisualStudioVersion = 10.0.40219.1
Project("{FAE04EC0-301F-11D3-BF4B-00C04F79EFBC}") = "HybridDecisionIntelligence.Domain", "HybridDecisionIntelligence.Domain\HybridDecisionIntelligence.Domain.csproj", "{9C0A30F6-59F9-42DF-B60D-1AF1BC6F4C94}"
EndProject
Project("{FAE04EC0-301F-11D3-BF4B-00C04F79EFBC}") = "HybridDecisionIntelligence.Application", "HybridDecisionIntelligence.Application\HybridDecisionIntelligence.Application.csproj", "{DA6EDE27-B5E7-4ABA-A009-16E6D92819CE}"
EndProject
Project("{FAE04EC0-301F-11D3-BF4B-00C04F79EFBC}") = "HybridDecisionIntelligence.Infrastructure", "HybridDecisionIntelligence.Infrastructure\HybridDecisionIntelligence.Infrastructure.csproj", "{4F8215F8-4DAB-4DF6-8451-D50771B9BF06}"
EndProject
Project("{FAE04EC0-301F-11D3-BF4B-00C04F79EFBC}") = "HybridDecisionIntelligence.API", "HybridDecisionIntelligence.API\HybridDecisionIntelligence.API.csproj", "{40BC7F53-C236-4376-BB24-6331038E2B97}"
EndProject
Global
	GlobalSection(SolutionConfigurationPlatforms) = preSolution
		Debug|Any CPU = Debug|Any CPU
		Debug|x64 = Debug|x64
		Debug|x86 = Debug|x86
		Release|Any CPU = Release|Any CPU
		Release|x64 = Release|x64
		Release|x86 = Release|x86
	EndGlobalSection
	GlobalSection(ProjectConfigurationPlatforms) = postSolution
		{9C0A30F6-59F9-42DF-B60D-1AF1BC6F4C94}.Debug|Any CPU.ActiveCfg = Debug|Any CPU
		{9C0A30F6-59F9-42DF-B60D-1AF1BC6F4C94}.Debug|Any CPU.Build.0 = Debug|Any CPU
		{9C0A30F6-59F9-42DF-B60D-1AF1BC6F4C94}.Debug|x64.ActiveCfg = Debug|Any CPU
		{9C0A30F6-59F9-42DF-B60D-1AF1BC6F4C94}.Debug|x64.Build.0 = Debug|Any CPU
		{9C0A30F6-59F9-42DF-B60D-1AF1BC6F4C94}.Debug|x86.ActiveCfg = Debug|Any CPU
		{9C0A30F6-59F9-42DF-B60D-1AF1BC6F4C94}.Debug|x86.Build.0 = Debug|Any CPU
		{9C0A30F6-59F9-42DF-B60D-1AF1BC6F4C94}.Release|Any CPU.ActiveCfg = Release|Any CPU
		{9C0A30F6-59F9-42DF-B60D-1AF1BC6F4C94}.Release|Any CPU.Build.0 = Release|Any CPU
		{9C0A30F6-59F9-42DF-B60D-1AF1BC6F4C94}.Release|x64.ActiveCfg = Release|Any CPU
		{9C0A30F6-59F9-42DF-B60D-1AF1BC6F4C94}.Release|x64.Build.0 = Release|Any CPU
		{9C0A30F6-59F9-42DF-B60D-1AF1BC6F4C94}.Release|x86.ActiveCfg = Release|Any CPU
		{9C0A30F6-59F9-42DF-B60D-1AF1BC6F4C94}.Release|x86.Build.0 = Release|Any CPU
		{DA6EDE27-B5E7-4ABA-A009-16E6D92819CE}.Debug|Any CPU.ActiveCfg = Debug|Any CPU
		{DA6EDE27-B5E7-4ABA-A009-16E6D92819CE}.Debug|Any CPU.Build.0 = Debug|Any CPU
		{DA6EDE27-B5E7-4ABA-A009-16E6D92819CE}.Debug|x64.ActiveCfg = Debug|Any CPU
		{DA6EDE27-B5E7-4ABA-A009-16E6D92819CE}.Debug|x64.Build.0 = Debug|Any CPU
		{DA6EDE27-B5E7-4ABA-A009-16E6D92819CE}.Debug|x86.ActiveCfg = Debug|Any CPU
		{DA6EDE27-B5E7-4ABA-A009-16E6D92819CE}.Debug|x86.Build.0 = Debug|Any CPU
		{DA6EDE27-B5E7-4ABA-A009-16E6D92819CE}.Release|Any CPU.ActiveCfg = Release|Any CPU
		{DA6EDE27-B5E7-4ABA-A009-16E6D92819CE}.Release|Any CPU.Build.0 = Release|Any CPU
		{DA6EDE27-B5E7-4ABA-A009-16E6D92819CE}.Release|x64.ActiveCfg = Release|Any CPU
		{DA6EDE27-B5E7-4ABA-A009-16E6D92819CE}.Release|x64.Build.0 = Release|Any CPU
		{DA6EDE27-B5E7-4ABA-A009-16E6D92819CE}.Release|x86.ActiveCfg = Release|Any CPU
		{DA6EDE27-B5E7-4ABA-A009-16E6D92819CE}.Release|x86.Build.0 = Release|Any CPU
		{4F8215F8-4DAB-4DF6-8451-D50771B9BF06}.Debug|Any CPU.ActiveCfg = Debug|Any CPU
		{4F8215F8-4DAB-4DF6-8451-D50771B9BF06}.Debug|Any CPU.Build.0 = Debug|Any CPU
		{4F8215F8-4DAB-4DF6-8451-D50771B9BF06}.Debug|x64.ActiveCfg = Debug|Any CPU
		{4F8215F8-4DAB-4DF6-8451-D50771B9BF06}.Debug|x64.Build.0 = Debug|Any CPU
		{4F8215F8-4DAB-4DF6-8451-D50771B9BF06}.Debug|x86.ActiveCfg = Debug|Any CPU
		{4F8215F8-4DAB-4DF6-8451-D50771B9BF06}.Debug|x86.Build.0 = Debug|Any CPU
		{4F8215F8-4DAB-4DF6-8451-D50771B9BF06}.Release|Any CPU.ActiveCfg = Release|Any CPU
		{4F8215F8-4DAB-4DF6-8451-D50771B9BF06}.Release|Any CPU.Build.0 = Release|Any CPU
		{4F8215F8-4DAB-4DF6-8451-D50771B9BF06}.Release|x64.ActiveCfg = Release|Any CPU
		{4F8215F8-4DAB-4DF6-8451-D50771B9BF06}.Release|x64.Build.0 = Release|Any CPU
		{4F8215F8-4DAB-4DF6-8451-D50771B9BF06}.Release|x86.ActiveCfg = Release|Any CPU
		{4F8215F8-4DAB-4DF6-8451-D50771B9BF06}.Release|x86.Build.0 = Release|Any CPU
		{40BC7F53-C236-4376-BB24-6331038E2B97}.Debug|Any CPU.ActiveCfg = Debug|Any CPU
		{40BC7F53-C236-4376-BB24-6331038E2B97}.Debug|Any CPU.Build.0 = Debug|Any CPU
		{40BC7F53-C236-4376-BB24-6331038E2B97}.Debug|x64.ActiveCfg = Debug|Any CPU
		{40BC7F53-C236-4376-BB24-6331038E2B97}.Debug|x64.Build.0 = Debug|Any CPU
		{40BC7F53-C236-4376-BB24-6331038E2B97}.Debug|x86.ActiveCfg = Debug|Any CPU
		{40BC7F53-C236-4376-BB24-6331038E2B97}.Debug|x86.Build.0 = Debug|Any CPU
		{40BC7F53-C236-4376-BB24-6331038E2B97}.Release|Any CPU.ActiveCfg = Release|Any CPU
		{40BC7F53-C236-4376-BB24-6331038E2B97}.Release|Any CPU.Build.0 = Release|Any CPU
		{40BC7F53-C236-4376-BB24-6331038E2B97}.Release|x64.ActiveCfg = Release|Any CPU
		{40BC7F53-C236-4376-BB24-6331038E2B97}.Release|x64.Build.0 = Release|Any CPU
		{40BC7F53-C236-4376-BB24-6331038E2B97}.Release|x86.ActiveCfg = Release|Any CPU
		{40BC7F53-C236-4376-BB24-6331038E2B97}.Release|x86.Build.0 = Release|Any CPU
	EndGlobalSection
	GlobalSection(SolutionProperties) = preSolution
		HideSolutionNode = FALSE
	EndGlobalSection
EndGlobal
